
Microsoft Visual Studio Solution File, Format Version 12.00
# Visual Studio Version 16
VisualStudioVersion = 16.0.30114.105
MinimumVisualStudioVersion = 10.0.40219.1
Project("{FAE04EC0-301F-11D3-BF4B-00C04F79EFBC}") = "Adventure.Ui", "src\Adventure.Ui\Adventure.Ui.csproj", "{C846B66E-F169-4AE8-BA66-D8FAF1DF140A}"
EndProject
Project("{FAE04EC0-301F-11D3-BF4B-00C04F79EFBC}") = "Adventure.Core", "src\Adventure.Core\Adventure.Core.csproj", "{4D8DC04E-30FA-4C78-B8D0-6A24C1887707}"
EndProject
Project("{FAE04EC0-301F-11D3-BF4B-00C04F79EFBC}") = "Adventure.Infrastructure", "src\Adventure.Infrastructure\Adventure.Infrastructure.csproj", "{934409B7-046E-4BDF-8C46-4ECDBA6C4C09}"
EndProject
Project("{2150E333-8FDC-42A3-9474-1A3956D46DE8}") = "src", "src", "{1A745A10-D4A4-11EB-9F32-F5FBBE92C664}"
EndProject
Project("{2150E333-8FDC-42A3-9474-1A3956D46DE8}") = "test", "test", "{4D38D810-D4A7-11EB-847A-6192AFF4DE68}"
EndProject
Project("{FAE04EC0-301F-11D3-BF4B-00C04F79EFBC}") = "Adventure.Core.Tests", "test\Adventure.Core.Tests\Adventure.Core.Tests.csproj", "{8C400545-179B-43E4-AD2B-675DF4668FEA}"
EndProject
Project("{FAE04EC0-301F-11D3-BF4B-00C04F79EFBC}") = "Adventure.Infrastructure.Tests", "test\Adventure.Infrastructure.Tests\Adventure.Infrastructure.Tests.csproj", "{A6A6672E-C7E0-4267-B38E-C12E893880AD}"
EndProject
Project("{FAE04EC0-301F-11D3-BF4B-00C04F79EFBC}") = "Adventure.Ui.Tests", "test\Adventure.Ui.Tests\Adventure.Ui.Tests.csproj", "{DE2488B4-6F19-43F9-98D8-643DA54CCA9A}"
EndProject
Global
	GlobalSection(SolutionConfigurationPlatforms) = preSolution
		Debug|Any CPU = Debug|Any CPU
		Debug|x64 = Debug|x64
		Debug|x86 = Debug|x86
		Release|Any CPU = Release|Any CPU
		Release|x64 = Release|x64
		Release|x86 = Release|x86
	EndGlobalSection
	GlobalSection(SolutionProperties) = preSolution
		HideSolutionNode = FALSE
	EndGlobalSection
	GlobalSection(ProjectConfigurationPlatforms) = postSolution
		{C846B66E-F169-4AE8-BA66-D8FAF1DF140A}.Debug|Any CPU.ActiveCfg = Debug|Any CPU
		{C846B66E-F169-4AE8-BA66-D8FAF1DF140A}.Debug|Any CPU.Build.0 = Debug|Any CPU
		{C846B66E-F169-4AE8-BA66-D8FAF1DF140A}.Debug|x64.ActiveCfg = Debug|Any CPU
		{C846B66E-F169-4AE8-BA66-D8FAF1DF140A}.Debug|x64.Build.0 = Debug|Any CPU
		{C846B66E-F169-4AE8-BA66-D8FAF1DF140A}.Debug|x86.ActiveCfg = Debug|Any CPU
		{C846B66E-F169-4AE8-BA66-D8FAF1DF140A}.Debug|x86.Build.0 = Debug|Any CPU
		{C846B66E-F169-4AE8-BA66-D8FAF1DF140A}.Release|Any CPU.ActiveCfg = Release|Any CPU
		{C846B66E-F169-4AE8-BA66-D8FAF1DF140A}.Release|Any CPU.Build.0 = Release|Any CPU
		{C846B66E-F169-4AE8-BA66-D8FAF1DF140A}.Release|x64.ActiveCfg = Release|Any CPU
		{C846B66E-F169-4AE8-BA66-D8FAF1DF140A}.Release|x64.Build.0 = Release|Any CPU
		{C846B66E-F169-4AE8-BA66-D8FAF1DF140A}.Release|x86.ActiveCfg = Release|Any CPU
		{C846B66E-F169-4AE8-BA66-D8FAF1DF140A}.Release|x86.Build.0 = Release|Any CPU
		{4D8DC04E-30FA-4C78-B8D0-6A24C1887707}.Debug|Any CPU.ActiveCfg = Debug|Any CPU
		{4D8DC04E-30FA-4C78-B8D0-6A24C1887707}.Debug|Any CPU.Build.0 = Debug|Any CPU
		{4D8DC04E-30FA-4C78-B8D0-6A24C1887707}.Debug|x64.ActiveCfg = Debug|Any CPU
		{4D8DC04E-30FA-4C78-B8D0-6A24C1887707}.Debug|x64.Build.0 = Debug|Any CPU
		{4D8DC04E-30FA-4C78-B8D0-6A24C1887707}.Debug|x86.ActiveCfg = Debug|Any CPU
		{4D8DC04E-30FA-4C78-B8D0-6A24C1887707}.Debug|x86.Build.0 = Debug|Any CPU
		{4D8DC04E-30FA-4C78-B8D0-6A24C1887707}.Release|Any CPU.ActiveCfg = Release|Any CPU
		{4D8DC04E-30FA-4C78-B8D0-6A24C1887707}.Release|Any CPU.Build.0 = Release|Any CPU
		{4D8DC04E-30FA-4C78-B8D0-6A24C1887707}.Release|x64.ActiveCfg = Release|Any CPU
		{4D8DC04E-30FA-4C78-B8D0-6A24C1887707}.Release|x64.Build.0 = Release|Any CPU
		{4D8DC04E-30FA-4C78-B8D0-6A24C1887707}.Release|x86.ActiveCfg = Release|Any CPU
		{4D8DC04E-30FA-4C78-B8D0-6A24C1887707}.Release|x86.Build.0 = Release|Any CPU
		{934409B7-046E-4BDF-8C46-4ECDBA6C4C09}.Debug|Any CPU.ActiveCfg = Debug|Any CPU
		{934409B7-046E-4BDF-8C46-4ECDBA6C4C09}.Debug|Any CPU.Build.0 = Debug|Any CPU
		{934409B7-046E-4BDF-8C46-4ECDBA6C4C09}.Debug|x64.ActiveCfg = Debug|Any CPU
		{934409B7-046E-4BDF-8C46-4ECDBA6C4C09}.Debug|x64.Build.0 = Debug|Any CPU
		{934409B7-046E-4BDF-8C46-4ECDBA6C4C09}.Debug|x86.ActiveCfg = Debug|Any CPU
		{934409B7-046E-4BDF-8C46-4ECDBA6C4C09}.Debug|x86.Build.0 = Debug|Any CPU
		{934409B7-046E-4BDF-8C46-4ECDBA6C4C09}.Release|Any CPU.ActiveCfg = Release|Any CPU
		{934409B7-046E-4BDF-8C46-4ECDBA6C4C09}.Release|Any CPU.Build.0 = Release|Any CPU
		{934409B7-046E-4BDF-8C46-4ECDBA6C4C09}.Release|x64.ActiveCfg = Release|Any CPU
		{934409B7-046E-4BDF-8C46-4ECDBA6C4C09}.Release|x64.Build.0 = Release|Any CPU
		{934409B7-046E-4BDF-8C46-4ECDBA6C4C09}.Release|x86.ActiveCfg = Release|Any CPU
		{934409B7-046E-4BDF-8C46-4ECDBA6C4C09}.Release|x86.Build.0 = Release|Any CPU
		{8C400545-179B-43E4-AD2B-675DF4668FEA}.Debug|Any CPU.ActiveCfg = Debug|Any CPU
		{8C400545-179B-43E4-AD2B-675DF4668FEA}.Debug|Any CPU.Build.0 = Debug|Any CPU
		{8C400545-179B-43E4-AD2B-675DF4668FEA}.Debug|x64.ActiveCfg = Debug|Any CPU
		{8C400545-179B-43E4-AD2B-675DF4668FEA}.Debug|x64.Build.0 = Debug|Any CPU
		{8C400545-179B-43E4-AD2B-675DF4668FEA}.Debug|x86.ActiveCfg = Debug|Any CPU
		{8C400545-179B-43E4-AD2B-675DF4668FEA}.Debug|x86.Build.0 = Debug|Any CPU
		{8C400545-179B-43E4-AD2B-675DF4668FEA}.Release|Any CPU.ActiveCfg = Release|Any CPU
		{8C400545-179B-43E4-AD2B-675DF4668FEA}.Release|Any CPU.Build.0 = Release|Any CPU
		{8C400545-179B-43E4-AD2B-675DF4668FEA}.Release|x64.ActiveCfg = Release|Any CPU
		{8C400545-179B-43E4-AD2B-675DF4668FEA}.Release|x64.Build.0 = Release|Any CPU
		{8C400545-179B-43E4-AD2B-675DF4668FEA}.Release|x86.ActiveCfg = Release|Any CPU
		{8C400545-179B-43E4-AD2B-675DF4668FEA}.Release|x86.Build.0 = Release|Any CPU
		{A6A6672E-C7E0-4267-B38E-C12E893880AD}.Debug|Any CPU.ActiveCfg = Debug|Any CPU
		{A6A6672E-C7E0-4267-B38E-C12E893880AD}.Debug|Any CPU.Build.0 = Debug|Any CPU
		{A6A6672E-C7E0-4267-B38E-C12E893880AD}.Debug|x64.ActiveCfg = Debug|Any CPU
		{A6A6672E-C7E0-4267-B38E-C12E893880AD}.Debug|x64.Build.0 = Debug|Any CPU
		{A6A6672E-C7E0-4267-B38E-C12E893880AD}.Debug|x86.ActiveCfg = Debug|Any CPU
		{A6A6672E-C7E0-4267-B38E-C12E893880AD}.Debug|x86.Build.0 = Debug|Any CPU
		{A6A6672E-C7E0-4267-B38E-C12E893880AD}.Release|Any CPU.ActiveCfg = Release|Any CPU
		{A6A6672E-C7E0-4267-B38E-C12E893880AD}.Release|Any CPU.Build.0 = Release|Any CPU
		{A6A6672E-C7E0-4267-B38E-C12E893880AD}.Release|x64.ActiveCfg = Release|Any CPU
		{A6A6672E-C7E0-4267-B38E-C12E893880AD}.Release|x64.Build.0 = Release|Any CPU
		{A6A6672E-C7E0-4267-B38E-C12E893880AD}.Release|x86.ActiveCfg = Release|Any CPU
		{A6A6672E-C7E0-4267-B38E-C12E893880AD}.Release|x86.Build.0 = Release|Any CPU
		{DE2488B4-6F19-43F9-98D8-643DA54CCA9A}.Debug|Any CPU.ActiveCfg = Debug|Any CPU
		{DE2488B4-6F19-43F9-98D8-643DA54CCA9A}.Debug|Any CPU.Build.0 = Debug|Any CPU
		{DE2488B4-6F19-43F9-98D8-643DA54CCA9A}.Debug|x64.ActiveCfg = Debug|Any CPU
		{DE2488B4-6F19-43F9-98D8-643DA54CCA9A}.Debug|x64.Build.0 = Debug|Any CPU
		{DE2488B4-6F19-43F9-98D8-643DA54CCA9A}.Debug|x86.ActiveCfg = Debug|Any CPU
		{DE2488B4-6F19-43F9-98D8-643DA54CCA9A}.Debug|x86.Build.0 = Debug|Any CPU
		{DE2488B4-6F19-43F9-98D8-643DA54CCA9A}.Release|Any CPU.ActiveCfg = Release|Any CPU
		{DE2488B4-6F19-43F9-98D8-643DA54CCA9A}.Release|Any CPU.Build.0 = Release|Any CPU
		{DE2488B4-6F19-43F9-98D8-643DA54CCA9A}.Release|x64.ActiveCfg = Release|Any CPU
		{DE2488B4-6F19-43F9-98D8-643DA54CCA9A}.Release|x64.Build.0 = Release|Any CPU
		{DE2488B4-6F19-43F9-98D8-643DA54CCA9A}.Release|x86.ActiveCfg = Release|Any CPU
		{DE2488B4-6F19-43F9-98D8-643DA54CCA9A}.Release|x86.Build.0 = Release|Any CPU
	EndGlobalSection
	GlobalSection(NestedProjects) = preSolution
		{C846B66E-F169-4AE8-BA66-D8FAF1DF140A} = {1A745A10-D4A4-11EB-9F32-F5FBBE92C664}
		{934409B7-046E-4BDF-8C46-4ECDBA6C4C09} = {1A745A10-D4A4-11EB-9F32-F5FBBE92C664}
		{4D8DC04E-30FA-4C78-B8D0-6A24C1887707} = {1A745A10-D4A4-11EB-9F32-F5FBBE92C664}
		{8C400545-179B-43E4-AD2B-675DF4668FEA} = {4D38D810-D4A7-11EB-847A-6192AFF4DE68}
		{A6A6672E-C7E0-4267-B38E-C12E893880AD} = {4D38D810-D4A7-11EB-847A-6192AFF4DE68}
		{DE2488B4-6F19-43F9-98D8-643DA54CCA9A} = {4D38D810-D4A7-11EB-847A-6192AFF4DE68}
	EndGlobalSection
EndGlobal
