
Microsoft Visual Studio Solution File, Format Version 12.00
Project("{2150E333-8FDC-42A3-9474-1A3956D46DE8}") = "src", "src", "{2DCDCC3C-78C7-4B64-91E8-90CB2307C8C3}"
EndProject
Project("{2150E333-8FDC-42A3-9474-1A3956D46DE8}") = "tests", "tests", "{45572DA7-C917-46BB-8D25-3E9E757EBDA3}"
EndProject
Project("{2150E333-8FDC-42A3-9474-1A3956D46DE8}") = "Catalogues", "Catalogues", "{C974C580-32EA-499E-8E13-2B76DCD22DCB}"
EndProject
Project("{2150E333-8FDC-42A3-9474-1A3956D46DE8}") = "Catalogues", "Catalogues", "{AD8432D0-C749-4898-A779-75D72F6C33C0}"
EndProject
Project("{FAE04EC0-301F-11D3-BF4B-00C04F79EFBC}") = "Adventure.Main", "src\Adventure.Main\Adventure.Main.csproj", "{E7B248CE-BB64-4BC3-86AC-A11B045E255A}"
EndProject
Project("{FAE04EC0-301F-11D3-BF4B-00C04F79EFBC}") = "Adventure.Core", "src\Adventure.Core\Adventure.Core.csproj", "{46BD8F8D-797A-40D3-BCBE-9C3957A56ED6}"
EndProject
Project("{FAE04EC0-301F-11D3-BF4B-00C04F79EFBC}") = "Adventure.Utils", "src\Adventure.Utils\Adventure.Utils.csproj", "{36959953-44FA-45FA-9C0A-CF40817F20EC}"
EndProject
Project("{FAE04EC0-301F-11D3-BF4B-00C04F79EFBC}") = "Adventure.LocaleCatalogue", "src\Catalogues\Adventure.LocaleCatalogue\Adventure.LocaleCatalogue.csproj", "{118F7D5C-7B36-4F9B-BC93-3131DA5BCDA2}"
EndProject
Project("{FAE04EC0-301F-11D3-BF4B-00C04F79EFBC}") = "Adventure.CreatureCatalogue", "src\Catalogues\Adventure.CreatureCatalogue\Adventure.CreatureCatalogue.csproj", "{BD7B5EB6-8E10-440E-ABA7-50B173B78EE4}"
EndProject
Project("{FAE04EC0-301F-11D3-BF4B-00C04F79EFBC}") = "Adventure.SkillCatalogue", "src\Catalogues\Adventure.SkillCatalogue\Adventure.SkillCatalogue.csproj", "{E41F72EB-DBF7-4368-B8F3-85252B084323}"
EndProject
Project("{FAE04EC0-301F-11D3-BF4B-00C04F79EFBC}") = "Adventure.Core.UnitTests", "tests\Adventure.Core.UnitTests\Adventure.Core.UnitTests.csproj", "{C67AD333-DB00-4A1D-A33A-FDC8841D5B3C}"
EndProject
Project("{FAE04EC0-301F-11D3-BF4B-00C04F79EFBC}") = "Adventure.Main.UnitTests", "tests\Adventure.Main.UnitTests\Adventure.Main.UnitTests.csproj", "{0BB26BCB-A699-4B4F-A7F0-9F2980740437}"
EndProject
Project("{FAE04EC0-301F-11D3-BF4B-00C04F79EFBC}") = "Adventure.Utils.UnitTests", "tests\Adventure.Utils.UnitTests\Adventure.Utils.UnitTests.csproj", "{845B8FD3-D257-47B9-976B-77FEF1F240DC}"
EndProject
Project("{FAE04EC0-301F-11D3-BF4B-00C04F79EFBC}") = "Adventure.CreatureCatalogue.UnitTests", "tests\Catalogues\Adventure.CreatureCatalogue.UnitTests\Adventure.CreatureCatalogue.UnitTests.csproj", "{7A547152-C74E-49BE-8C00-14608C24950D}"
EndProject
Project("{FAE04EC0-301F-11D3-BF4B-00C04F79EFBC}") = "Adventure.SkillCatalogue.UnitTests", "tests\Catalogues\Adventure.SkillCatalogue.UnitTests\Adventure.SkillCatalogue.UnitTests.csproj", "{0CA93280-9D4E-44AD-A4C5-6C76F5313F5E}"
EndProject
Project("{FAE04EC0-301F-11D3-BF4B-00C04F79EFBC}") = "Adventure.LocaleCatalogue.UnitTests", "tests\Catalogues\Adventure.LocaleCatalogue.UnitTests\Adventure.LocaleCatalogue.UnitTests.csproj", "{8F8A0E3C-393A-465C-9B81-5448C267A6A1}"
EndProject
Global
	GlobalSection(SolutionConfigurationPlatforms) = preSolution
		Debug|Any CPU = Debug|Any CPU
		Release|Any CPU = Release|Any CPU
	EndGlobalSection
	GlobalSection(NestedProjects) = preSolution
		{C974C580-32EA-499E-8E13-2B76DCD22DCB} = {45572DA7-C917-46BB-8D25-3E9E757EBDA3}
		{AD8432D0-C749-4898-A779-75D72F6C33C0} = {2DCDCC3C-78C7-4B64-91E8-90CB2307C8C3}
		{E7B248CE-BB64-4BC3-86AC-A11B045E255A} = {2DCDCC3C-78C7-4B64-91E8-90CB2307C8C3}
		{46BD8F8D-797A-40D3-BCBE-9C3957A56ED6} = {2DCDCC3C-78C7-4B64-91E8-90CB2307C8C3}
		{36959953-44FA-45FA-9C0A-CF40817F20EC} = {2DCDCC3C-78C7-4B64-91E8-90CB2307C8C3}
		{118F7D5C-7B36-4F9B-BC93-3131DA5BCDA2} = {AD8432D0-C749-4898-A779-75D72F6C33C0}
		{BD7B5EB6-8E10-440E-ABA7-50B173B78EE4} = {AD8432D0-C749-4898-A779-75D72F6C33C0}
		{E41F72EB-DBF7-4368-B8F3-85252B084323} = {AD8432D0-C749-4898-A779-75D72F6C33C0}
		{C67AD333-DB00-4A1D-A33A-FDC8841D5B3C} = {45572DA7-C917-46BB-8D25-3E9E757EBDA3}
		{0BB26BCB-A699-4B4F-A7F0-9F2980740437} = {45572DA7-C917-46BB-8D25-3E9E757EBDA3}
		{845B8FD3-D257-47B9-976B-77FEF1F240DC} = {45572DA7-C917-46BB-8D25-3E9E757EBDA3}
		{7A547152-C74E-49BE-8C00-14608C24950D} = {C974C580-32EA-499E-8E13-2B76DCD22DCB}
		{0CA93280-9D4E-44AD-A4C5-6C76F5313F5E} = {C974C580-32EA-499E-8E13-2B76DCD22DCB}
		{8F8A0E3C-393A-465C-9B81-5448C267A6A1} = {C974C580-32EA-499E-8E13-2B76DCD22DCB}
	EndGlobalSection
	GlobalSection(ProjectConfigurationPlatforms) = postSolution
		{E7B248CE-BB64-4BC3-86AC-A11B045E255A}.Debug|Any CPU.ActiveCfg = Debug|Any CPU
		{E7B248CE-BB64-4BC3-86AC-A11B045E255A}.Debug|Any CPU.Build.0 = Debug|Any CPU
		{E7B248CE-BB64-4BC3-86AC-A11B045E255A}.Release|Any CPU.ActiveCfg = Release|Any CPU
		{E7B248CE-BB64-4BC3-86AC-A11B045E255A}.Release|Any CPU.Build.0 = Release|Any CPU
		{46BD8F8D-797A-40D3-BCBE-9C3957A56ED6}.Debug|Any CPU.ActiveCfg = Debug|Any CPU
		{46BD8F8D-797A-40D3-BCBE-9C3957A56ED6}.Debug|Any CPU.Build.0 = Debug|Any CPU
		{46BD8F8D-797A-40D3-BCBE-9C3957A56ED6}.Release|Any CPU.ActiveCfg = Release|Any CPU
		{46BD8F8D-797A-40D3-BCBE-9C3957A56ED6}.Release|Any CPU.Build.0 = Release|Any CPU
		{36959953-44FA-45FA-9C0A-CF40817F20EC}.Debug|Any CPU.ActiveCfg = Debug|Any CPU
		{36959953-44FA-45FA-9C0A-CF40817F20EC}.Debug|Any CPU.Build.0 = Debug|Any CPU
		{36959953-44FA-45FA-9C0A-CF40817F20EC}.Release|Any CPU.ActiveCfg = Release|Any CPU
		{36959953-44FA-45FA-9C0A-CF40817F20EC}.Release|Any CPU.Build.0 = Release|Any CPU
		{118F7D5C-7B36-4F9B-BC93-3131DA5BCDA2}.Debug|Any CPU.ActiveCfg = Debug|Any CPU
		{118F7D5C-7B36-4F9B-BC93-3131DA5BCDA2}.Debug|Any CPU.Build.0 = Debug|Any CPU
		{118F7D5C-7B36-4F9B-BC93-3131DA5BCDA2}.Release|Any CPU.ActiveCfg = Release|Any CPU
		{118F7D5C-7B36-4F9B-BC93-3131DA5BCDA2}.Release|Any CPU.Build.0 = Release|Any CPU
		{BD7B5EB6-8E10-440E-ABA7-50B173B78EE4}.Debug|Any CPU.ActiveCfg = Debug|Any CPU
		{BD7B5EB6-8E10-440E-ABA7-50B173B78EE4}.Debug|Any CPU.Build.0 = Debug|Any CPU
		{BD7B5EB6-8E10-440E-ABA7-50B173B78EE4}.Release|Any CPU.ActiveCfg = Release|Any CPU
		{BD7B5EB6-8E10-440E-ABA7-50B173B78EE4}.Release|Any CPU.Build.0 = Release|Any CPU
		{E41F72EB-DBF7-4368-B8F3-85252B084323}.Debug|Any CPU.ActiveCfg = Debug|Any CPU
		{E41F72EB-DBF7-4368-B8F3-85252B084323}.Debug|Any CPU.Build.0 = Debug|Any CPU
		{E41F72EB-DBF7-4368-B8F3-85252B084323}.Release|Any CPU.ActiveCfg = Release|Any CPU
		{E41F72EB-DBF7-4368-B8F3-85252B084323}.Release|Any CPU.Build.0 = Release|Any CPU
		{C67AD333-DB00-4A1D-A33A-FDC8841D5B3C}.Debug|Any CPU.ActiveCfg = Debug|Any CPU
		{C67AD333-DB00-4A1D-A33A-FDC8841D5B3C}.Debug|Any CPU.Build.0 = Debug|Any CPU
		{C67AD333-DB00-4A1D-A33A-FDC8841D5B3C}.Release|Any CPU.ActiveCfg = Release|Any CPU
		{C67AD333-DB00-4A1D-A33A-FDC8841D5B3C}.Release|Any CPU.Build.0 = Release|Any CPU
		{0BB26BCB-A699-4B4F-A7F0-9F2980740437}.Debug|Any CPU.ActiveCfg = Debug|Any CPU
		{0BB26BCB-A699-4B4F-A7F0-9F2980740437}.Debug|Any CPU.Build.0 = Debug|Any CPU
		{0BB26BCB-A699-4B4F-A7F0-9F2980740437}.Release|Any CPU.ActiveCfg = Release|Any CPU
		{0BB26BCB-A699-4B4F-A7F0-9F2980740437}.Release|Any CPU.Build.0 = Release|Any CPU
		{845B8FD3-D257-47B9-976B-77FEF1F240DC}.Debug|Any CPU.ActiveCfg = Debug|Any CPU
		{845B8FD3-D257-47B9-976B-77FEF1F240DC}.Debug|Any CPU.Build.0 = Debug|Any CPU
		{845B8FD3-D257-47B9-976B-77FEF1F240DC}.Release|Any CPU.ActiveCfg = Release|Any CPU
		{845B8FD3-D257-47B9-976B-77FEF1F240DC}.Release|Any CPU.Build.0 = Release|Any CPU
		{7A547152-C74E-49BE-8C00-14608C24950D}.Debug|Any CPU.ActiveCfg = Debug|Any CPU
		{7A547152-C74E-49BE-8C00-14608C24950D}.Debug|Any CPU.Build.0 = Debug|Any CPU
		{7A547152-C74E-49BE-8C00-14608C24950D}.Release|Any CPU.ActiveCfg = Release|Any CPU
		{7A547152-C74E-49BE-8C00-14608C24950D}.Release|Any CPU.Build.0 = Release|Any CPU
		{0CA93280-9D4E-44AD-A4C5-6C76F5313F5E}.Debug|Any CPU.ActiveCfg = Debug|Any CPU
		{0CA93280-9D4E-44AD-A4C5-6C76F5313F5E}.Debug|Any CPU.Build.0 = Debug|Any CPU
		{0CA93280-9D4E-44AD-A4C5-6C76F5313F5E}.Release|Any CPU.ActiveCfg = Release|Any CPU
		{0CA93280-9D4E-44AD-A4C5-6C76F5313F5E}.Release|Any CPU.Build.0 = Release|Any CPU
		{8F8A0E3C-393A-465C-9B81-5448C267A6A1}.Debug|Any CPU.ActiveCfg = Debug|Any CPU
		{8F8A0E3C-393A-465C-9B81-5448C267A6A1}.Debug|Any CPU.Build.0 = Debug|Any CPU
		{8F8A0E3C-393A-465C-9B81-5448C267A6A1}.Release|Any CPU.ActiveCfg = Release|Any CPU
		{8F8A0E3C-393A-465C-9B81-5448C267A6A1}.Release|Any CPU.Build.0 = Release|Any CPU
	EndGlobalSection
EndGlobal
